{
  "originHash" : "d61e903ea38ac2f67fc71d403447c5da88da44fa2f41bcdd7eaa64d1dafae997",
  "pins" : [
    {
      "identity" : "fluidaudio",
      "kind" : "remoteSourceControl",
      "location" : "https://github.com/FluidInference/FluidAudio.git",
      "state" : {
        "revision" : "4dbf4f9f9a5ff3a53ade848d7ba4e3df13db859b",
        "version" : "0.15.6"
      }
    },
    {
      "identity" : "llama.swift",
      "kind" : "remoteSourceControl",
      "location" : "https://github.com/mattt/llama.swift",
      "state" : {
        "revision" : "716419d4d7aa542fce301e809cde7234c68ddbc6",
        "version" : "2.10549.0"
      }
    }
  ],
  "version" : 3
}
